// !$*UTF8*$!
{
	archiveVersion = 1;
	classes = {
	};
	objectVersion = 50;
	objects = {

/* Begin PBXBuildFile section */
		3F3B2EF02613D34200213CC3 /* ViewController.swift in Sources */ = {isa = PBXBuildFile; fileRef = 3F3B2EEF2613D34200213CC3 /* ViewController.swift */; };
		3F3B2EF52613D3D900213CC3 /* LaunchScreen.storyboard in Resources */ = {isa = PBXBuildFile; fileRef = 3F3B2EF32613D3D900213CC3 /* LaunchScreen.storyboard */; };
		3F43DCA726125215009B8518 /* AppDelegate.swift in Sources */ = {isa = PBXBuildFile; fileRef = 3F43DCA626125215009B8518 /* AppDelegate.swift */; };
		3F43DCA926125215009B8518 /* SceneDelegate.swift in Sources */ = {isa = PBXBuildFile; fileRef = 3F43DCA826125215009B8518 /* SceneDelegate.swift */; };
		3F43DCAE26125215009B8518 /* Main.storyboard in Resources */ = {isa = PBXBuildFile; fileRef = 3F43DCAC26125215009B8518 /* Main.storyboard */; };
		3F43DCB026125216009B8518 /* Assets.xcassets in Resources */ = {isa = PBXBuildFile; fileRef = 3F43DCAF26125216009B8518 /* Assets.xcassets */; };
		3F6FBA402612798000D7F68B /* TablaVC.swift in Sources */ = {isa = PBXBuildFile; fileRef = 3F6FBA3F2612798000D7F68B /* TablaVC.swift */; };
/* End PBXBuildFile section */

/* Begin PBXFileReference section */
		3F3B2EEF2613D34200213CC3 /* ViewController.swift */ = {isa = PBXFileReference; fileEncoding = 4; lastKnownFileType = sourcecode.swift; name = ViewController.swift; path = ../../../act10/actividad10/Tabla/Tabla/ViewController.swift; sourceTree = "<group>"; };
		3F3B2EF42613D3D900213CC3 /* Base */ = {isa = PBXFileReference; lastKnownFileType = file.storyboard; name = Base; path = ../../../act10/actividad10/Tabla/Tabla/Base.lproj/LaunchScreen.storyboard; sourceTree = "<group>"; };
		3F43DCA326125215009B8518 /* actividad10_CAMS.app */ = {isa = PBXFileReference; explicitFileType = wrapper.application; includeInIndex = 0; path = actividad10_CAMS.app; sourceTree = BUILT_PRODUCTS_DIR; };
		3F43DCA626125215009B8518 /* AppDelegate.swift */ = {isa = PBXFileReference; lastKnownFileType = sourcecode.swift; path = AppDelegate.swift; sourceTree = "<group>"; };
		3F43DCA826125215009B8518 /* SceneDelegate.swift */ = {isa = PBXFileReference; lastKnownFileType = sourcecode.swift; path = SceneDelegate.swift; sourceTree = "<group>"; };
		3F43DCAD26125215009B8518 /* Base */ = {isa = PBXFileReference; lastKnownFileType = file.storyboard; name = Base; path = Base.lproj/Main.storyboard; sourceTree = "<group>"; };
		3F43DCAF26125216009B8518 /* Assets.xcassets */ = {isa = PBXFileReference; lastKnownFileType = folder.assetcatalog; path = Assets.xcassets; sourceTree = "<group>"; };
		3F43DCB426125216009B8518 /* Info.plist */ = {isa = PBXFileReference; lastKnownFileType = text.plist.xml; path = Info.plist; sourceTree = "<group>"; };
		3F6FBA3F2612798000D7F68B /* TablaVC.swift */ = {isa = PBXFileReference; fileEncoding = 4; lastKnownFileType = sourcecode.swift; name = TablaVC.swift; path = ../../../act10/actividad10/Tabla/Tabla/TablaVC.swift; sourceTree = "<group>"; };
/* End PBXFileReference section */

/* Begin PBXFrameworksBuildPhase section */
		3F43DCA026125215009B8518 /* Frameworks */ = {
			isa = PBXFrameworksBuildPhase;
			buildActionMask = 2147483647;
			files = (
			);
			runOnlyForDeploymentPostprocessing = 0;
		};
/* End PBXFrameworksBuildPhase section */

/* Begin PBXGroup section */
		3F43DC9A26125215009B8518 = {
			isa = PBXGroup;
			children = (
				3F43DCA526125215009B8518 /* actividad10_CAMS */,
				3F43DCA426125215009B8518 /* Products */,
			);
			sourceTree = "<group>";
		};
		3F43DCA426125215009B8518 /* Products */ = {
			isa = PBXGroup;
			children = (
				3F43DCA326125215009B8518 /* actividad10_CAMS.app */,
			);
			name = Products;
			sourceTree = "<group>";
		};
		3F43DCA526125215009B8518 /* actividad10_CAMS */ = {
			isa = PBXGroup;
			children = (
				3F6FBA3F2612798000D7F68B /* TablaVC.swift */,
				3F43DCA626125215009B8518 /* AppDelegate.swift */,
				3F43DCA826125215009B8518 /* SceneDelegate.swift */,
				3F43DCAC26125215009B8518 /* Main.storyboard */,
				3F3B2EEF2613D34200213CC3 /* ViewController.swift */,
				3F43DCAF26125216009B8518 /* Assets.xcassets */,
				3F3B2EF32613D3D900213CC3 /* LaunchScreen.storyboard */,
				3F43DCB426125216009B8518 /* Info.plist */,
			);
			path = actividad10_CAMS;
			sourceTree = "<group>";
		};
/* End PBXGroup section */

/* Begin PBXNativeTarget section */
		3F43DCA226125215009B8518 /* actividad10_CAMS */ = {
			isa = PBXNativeTarget;
			buildConfigurationList = 3F43DCB726125216009B8518 /* Build configuration list for PBXNativeTarget "actividad10_CAMS" */;
			buildPhases = (
				3F43DC9F26125215009B8518 /* Sources */,
				3F43DCA026125215009B8518 /* Frameworks */,
				3F43DCA126125215009B8518 /* Resources */,
			);
			buildRules = (
			);
			dependencies = (
			);
			name = actividad10_CAMS;
			productName = actividad10_CAMS;
			productReference = 3F43DCA326125215009B8518 /* actividad10_CAMS.app */;
			productType = "com.apple.product-type.application";
		};
/* End PBXNativeTarget section */

/* Begin PBXProject section */
		3F43DC9B26125215009B8518 /* Project object */ = {
			isa = PBXProject;
			attributes = {
				LastSwiftUpdateCheck = 1240;
				LastUpgradeCheck = 1240;
				TargetAttributes = {
					3F43DCA226125215009B8518 = {
						CreatedOnToolsVersion = 12.4;
					};
				};
			};
			buildConfigurationList = 3F43DC9E26125215009B8518 /* Build configuration list for PBXProject "actividad10_CAMS" */;
			compatibilityVersion = "Xcode 9.3";
			developmentRegion = en;
			hasScannedForEncodings = 0;
			knownRegions = (
				en,
				Base,
			);
			mainGroup = 3F43DC9A26125215009B8518;
			productRefGroup = 3F43DCA426125215009B8518 /* Products */;
			projectDirPath = "";
			projectRoot = "";
			targets = (
				3F43DCA226125215009B8518 /* actividad10_CAMS */,
			);
		};
/* End PBXProject section */

/* Begin PBXResourcesBuildPhase section */
		3F43DCA126125215009B8518 /* Resources */ = {
			isa = PBXResourcesBuildPhase;
			buildActionMask = 2147483647;
			files = (
				3F3B2EF52613D3D900213CC3 /* LaunchScreen.storyboard in Resources */,
				3F43DCB026125216009B8518 /* Assets.xcassets in Resources */,
				3F43DCAE26125215009B8518 /* Main.storyboard in Resources */,
			);
			runOnlyForDeploymentPostprocessing = 0;
		};
/* End PBXResourcesBuildPhase section */

/* Begin PBXSourcesBuildPhase section */
		3F43DC9F26125215009B8518 /* Sources */ = {
			isa = PBXSourcesBuildPhase;
			buildActionMask = 2147483647;
			files = (
				3F6FBA402612798000D7F68B /* TablaVC.swift in Sources */,
				3F43DCA726125215009B8518 /* AppDelegate.swift in Sources */,
				3F3B2EF02613D34200213CC3 /* ViewController.swift in Sources */,
				3F43DCA926125215009B8518 /* SceneDelegate.swift in Sources */,
			);
			runOnlyForDeploymentPostprocessing = 0;
		};
/* End PBXSourcesBuildPhase section */

/* Begin PBXVariantGroup section */
		3F3B2EF32613D3D900213CC3 /* LaunchScreen.storyboard */ = {
			isa = PBXVariantGroup;
			children = (
				3F3B2EF42613D3D900213CC3 /* Base */,
			);
			name = LaunchScreen.storyboard;
			sourceTree = "<group>";
		};
		3F43DCAC26125215009B8518 /* Main.storyboard */ = {
			isa = PBXVariantGroup;
			children = (
				3F43DCAD26125215009B8518 /* Base */,
			);
			name = Main.storyboard;
			sourceTree = "<group>";
		};
/* End PBXVariantGroup section */

/* Begin XCBuildConfiguration section */
		3F43DCB526125216009B8518 /* Debug */ = {
			isa = XCBuildConfiguration;
			buildSettings = {
				ALWAYS_SEARCH_USER_PATHS = NO;
				CLANG_ANALYZER_NONNULL = YES;
				CLANG_ANALYZER_NUMBER_OBJECT_CONVERSION = YES_AGGRESSIVE;
				CLANG_CXX_LANGUAGE_STANDARD = "gnu++14";
				CLANG_CXX_LIBRARY = "libc++";
				CLANG_ENABLE_MODULES = YES;
				CLANG_ENABLE_OBJC_ARC = YES;
				CLANG_ENABLE_OBJC_WEAK = YES;
				CLANG_WARN_BLOCK_CAPTURE_AUTORELEASING = YES;
				CLANG_WARN_BOOL_CONVERSION = YES;
				CLANG_WARN_COMMA = YES;
				CLANG_WARN_CONSTANT_CONVERSION = YES;
				CLANG_WARN_DEPRECATED_OBJC_IMPLEMENTATIONS = YES;
				CLANG_WARN_DIRECT_OBJC_ISA_USAGE = YES_ERROR;
				CLANG_WARN_DOCUMENTATION_COMMENTS = YES;
				CLANG_WARN_EMPTY_BODY = YES;
				CLANG_WARN_ENUM_CONVERSION = YES;
				CLANG_WARN_INFINITE_RECURSION = YES;
				CLANG_WARN_INT_CONVERSION = YES;
				CLANG_WARN_NON_LITERAL_NULL_CONVERSION = YES;
				CLANG_WARN_OBJC_IMPLICIT_RETAIN_SELF = YES;
				CLANG_WARN_OBJC_LITERAL_CONVERSION = YES;
				CLANG_WARN_OBJC_ROOT_CLASS = YES_ERROR;
				CLANG_WARN_QUOTED_INCLUDE_IN_FRAMEWORK_HEADER = YES;
				CLANG_WARN_RANGE_LOOP_ANALYSIS = YES;
				CLANG_WARN_STRICT_PROTOTYPES = YES;
				CLANG_WARN_SUSPICIOUS_MOVE = YES;
				CLANG_WARN_UNGUARDED_AVAILABILITY = YES_AGGRESSIVE;
				CLANG_WARN_UNREACHABLE_CODE = YES;
				CLANG_WARN__DUPLICATE_METHOD_MATCH = YES;
				COPY_PHASE_STRIP = NO;
				DEBUG_INFORMATION_FORMAT = dwarf;
				"DEVELOPMENT_TEAM[sdk=iphonesimulator*]" = "";
				ENABLE_STRICT_OBJC_MSGSEND = YES;
				ENABLE_TESTABILITY = YES;
				GCC_C_LANGUAGE_STANDARD = gnu11;
				GCC_DYNAMIC_NO_PIC = NO;
				GCC_NO_COMMON_BLOCKS = YES;
				GCC_OPTIMIZATION_LEVEL = 0;
				GCC_PREPROCESSOR_DEFINITIONS = (
					"DEBUG=1",
					"$(inherited)",
				);
				GCC_WARN_64_TO_32_BIT_CONVERSION = YES;
				GCC_WARN_ABOUT_RETURN_TYPE = YES_ERROR;
				GCC_WARN_UNDECLARED_SELECTOR = YES;
				GCC_WARN_UNINITIALIZED_AUTOS = YES_AGGRESSIVE;
				GCC_WARN_UNUSED_FUNCTION = YES;
				GCC_WARN_UNUSED_VARIABLE = YES;
				IPHONEOS_DEPLOYMENT_TARGET = 14.4;
				MTL_ENABLE_DEBUG_INFO = INCLUDE_SOURCE;
				MTL_FAST_MATH = YES;
				ONLY_ACTIVE_ARCH = YES;
				SDKROOT = iphoneos;
				SWIFT_ACTIVE_COMPILATION_CONDITIONS = DEBUG;
				SWIFT_OPTIMIZATION_LEVEL = "-Onone";
			};
			name = Debug;
		};
		3F43DCB626125216009B8518 /* Release */ = {
			isa = XCBuildConfiguration;
			buildSettings = {
				ALWAYS_SEARCH_USER_PATHS = NO;
				CLANG_ANALYZER_NONNULL = YES;
				CLANG_ANALYZER_NUMBER_OBJECT_CONVERSION = YES_AGGRESSIVE;
				CLANG_CXX_LANGUAGE_STANDARD = "gnu++14";
				CLANG_CXX_LIBRARY = "libc++";
				CLANG_ENABLE_MODULES = YES;
				CLANG_ENABLE_OBJC_ARC = YES;
				CLANG_ENABLE_OBJC_WEAK = YES;
				CLANG_WARN_BLOCK_CAPTURE_AUTORELEASING = YES;
				CLANG_WARN_BOOL_CONVERSION = YES;
				CLANG_WARN_COMMA = YES;
				CLANG_WARN_CONSTANT_CONVERSION = YES;
				CLANG_WARN_DEPRECATED_OBJC_IMPLEMENTATIONS = YES;
				CLANG_WARN_DIRECT_OBJC_ISA_USAGE = YES_ERROR;
				CLANG_WARN_DOCUMENTATION_COMMENTS = YES;
				CLANG_WARN_EMPTY_BODY = YES;
				CLANG_WARN_ENUM_CONVERSION = YES;
				CLANG_WARN_INFINITE_RECURSION = YES;
				CLANG_WARN_INT_CONVERSION = YES;
				CLANG_WARN_NON_LITERAL_NULL_CONVERSION = YES;
				CLANG_WARN_OBJC_IMPLICIT_RETAIN_SELF = YES;
				CLANG_WARN_OBJC_LITERAL_CONVERSION = YES;
				CLANG_WARN_OBJC_ROOT_CLASS = YES_ERROR;
				CLANG_WARN_QUOTED_INCLUDE_IN_FRAMEWORK_HEADER = YES;
				CLANG_WARN_RANGE_LOOP_ANALYSIS = YES;
				CLANG_WARN_STRICT_PROTOTYPES = YES;
				CLANG_WARN_SUSPICIOUS_MOVE = YES;
				CLANG_WARN_UNGUARDED_AVAILABILITY = YES_AGGRESSIVE;
				CLANG_WARN_UNREACHABLE_CODE = YES;
				CLANG_WARN__DUPLICATE_METHOD_MATCH = YES;
				COPY_PHASE_STRIP = NO;
				DEBUG_INFORMATION_FORMAT = "dwarf-with-dsym";
				"DEVELOPMENT_TEAM[sdk=iphonesimulator*]" = "";
				ENABLE_NS_ASSERTIONS = NO;
				ENABLE_STRICT_OBJC_MSGSEND = YES;
				GCC_C_LANGUAGE_STANDARD = gnu11;
				GCC_NO_COMMON_BLOCKS = YES;
				GCC_WARN_64_TO_32_BIT_CONVERSION = YES;
				GCC_WARN_ABOUT_RETURN_TYPE = YES_ERROR;
				GCC_WARN_UNDECLARED_SELECTOR = YES;
				GCC_WARN_UNINITIALIZED_AUTOS = YES_AGGRESSIVE;
				GCC_WARN_UNUSED_FUNCTION = YES;
				GCC_WARN_UNUSED_VARIABLE = YES;
				IPHONEOS_DEPLOYMENT_TARGET = 14.4;
				MTL_ENABLE_DEBUG_INFO = NO;
				MTL_FAST_MATH = YES;
				SDKROOT = iphoneos;
				SWIFT_COMPILATION_MODE = wholemodule;
				SWIFT_OPTIMIZATION_LEVEL = "-O";
				VALIDATE_PRODUCT = YES;
			};
			name = Release;
		};
		3F43DCB826125216009B8518 /* Debug */ = {
			isa = XCBuildConfiguration;
			buildSettings = {
				ASSETCATALOG_COMPILER_APPICON_NAME = AppIcon;
				ASSETCATALOG_COMPILER_GLOBAL_ACCENT_COLOR_NAME = AccentColor;
				CODE_SIGN_STYLE = Automatic;
				DEVELOPMENT_TEAM = "";
				INFOPLIST_FILE = actividad10_CAMS/Info.plist;
				LD_RUNPATH_SEARCH_PATHS = (
					"$(inherited)",
					"@executable_path/Frameworks",
				);
				PRODUCT_BUNDLE_IDENTIFIER = "com.caramysan.actividad10-CAMS";
				PRODUCT_NAME = "$(TARGET_NAME)";
				SWIFT_VERSION = 5.0;
				TARGETED_DEVICE_FAMILY = "1,2";
			};
			name = Debug;
		};
		3F43DCB926125216009B8518 /* Release */ = {
			isa = XCBuildConfiguration;
			buildSettings = {
				ASSETCATALOG_COMPILER_APPICON_NAME = AppIcon;
				ASSETCATALOG_COMPILER_GLOBAL_ACCENT_COLOR_NAME = AccentColor;
				CODE_SIGN_STYLE = Automatic;
				DEVELOPMENT_TEAM = "";
				INFOPLIST_FILE = actividad10_CAMS/Info.plist;
				LD_RUNPATH_SEARCH_PATHS = (
					"$(inherited)",
					"@executable_path/Frameworks",
				);
				PRODUCT_BUNDLE_IDENTIFIER = "com.caramysan.actividad10-CAMS";
				PRODUCT_NAME = "$(TARGET_NAME)";
				SWIFT_VERSION = 5.0;
				TARGETED_DEVICE_FAMILY = "1,2";
			};
			name = Release;
		};
/* End XCBuildConfiguration section */

/* Begin XCConfigurationList section */
		3F43DC9E26125215009B8518 /* Build configuration list for PBXProject "actividad10_CAMS" */ = {
			isa = XCConfigurationList;
			buildConfigurations = (
				3F43DCB526125216009B8518 /* Debug */,
				3F43DCB626125216009B8518 /* Release */,
			);
			defaultConfigurationIsVisible = 0;
			defaultConfigurationName = Release;
		};
		3F43DCB726125216009B8518 /* Build configuration list for PBXNativeTarget "actividad10_CAMS" */ = {
			isa = XCConfigurationList;
			buildConfigurations = (
				3F43DCB826125216009B8518 /* Debug */,
				3F43DCB926125216009B8518 /* Release */,
			);
			defaultConfigurationIsVisible = 0;
			defaultConfigurationName = Release;
		};
/* End XCConfigurationList section */
	};
	rootObject = 3F43DC9B26125215009B8518 /* Project object */;
}
